// !$*UTF8*$!
{
	archiveVersion = 1;
	classes = {
	};
	objectVersion = 46;
	objects = {

/* Begin PBXBuildFile section */
		54C5D3F4E3D1117E2BB8CE6B /* Pods_MovieFileCompressor.framework in Frameworks */ = {isa = PBXBuildFile; fileRef = 73863C6AF2E5C22F028DD635 /* Pods_MovieFileCompressor.framework */; };
		D57E46371EFC5EB600B59590 /* MainView.swift in Sources */ = {isa = PBXBuildFile; fileRef = D57E46361EFC5EB600B59590 /* MainView.swift */; };
		D5A159341EFC499000E5BF19 /* AppDelegate.swift in Sources */ = {isa = PBXBuildFile; fileRef = D5A159331EFC499000E5BF19 /* AppDelegate.swift */; };
		D5A159361EFC499000E5BF19 /* ViewController.swift in Sources */ = {isa = PBXBuildFile; fileRef = D5A159351EFC499000E5BF19 /* ViewController.swift */; };
		D5A159391EFC499000E5BF19 /* Main.storyboard in Resources */ = {isa = PBXBuildFile; fileRef = D5A159371EFC499000E5BF19 /* Main.storyboard */; };
		D5A1593B1EFC499000E5BF19 /* Assets.xcassets in Resources */ = {isa = PBXBuildFile; fileRef = D5A1593A1EFC499000E5BF19 /* Assets.xcassets */; };
		D5A1593E1EFC499000E5BF19 /* LaunchScreen.storyboard in Resources */ = {isa = PBXBuildFile; fileRef = D5A1593C1EFC499000E5BF19 /* LaunchScreen.storyboard */; };
		D5A159461EFC518200E5BF19 /* CameraStatus.swift in Sources */ = {isa = PBXBuildFile; fileRef = D5A159451EFC518200E5BF19 /* CameraStatus.swift */; };
		D5A159481EFC566B00E5BF19 /* CameraUtil.swift in Sources */ = {isa = PBXBuildFile; fileRef = D5A159471EFC566B00E5BF19 /* CameraUtil.swift */; };
		D5B9B45E1F0E704E002D72EF /* VideoAssetManager.swift in Sources */ = {isa = PBXBuildFile; fileRef = D5B9B45D1F0E704E002D72EF /* VideoAssetManager.swift */; };
		D5D5DB651EFD92DB0029E765 /* RecordingButton.swift in Sources */ = {isa = PBXBuildFile; fileRef = D5D5DB641EFD92DB0029E765 /* RecordingButton.swift */; };
/* End PBXBuildFile section */

/* Begin PBXFileReference section */
		73863C6AF2E5C22F028DD635 /* Pods_MovieFileCompressor.framework */ = {isa = PBXFileReference; explicitFileType = wrapper.framework; includeInIndex = 0; path = Pods_MovieFileCompressor.framework; sourceTree = BUILT_PRODUCTS_DIR; };
		9ADFED0D82DADB5DEE0DFB87 /* Pods-MovieFileCompressor.release.xcconfig */ = {isa = PBXFileReference; includeInIndex = 1; lastKnownFileType = text.xcconfig; name = "Pods-MovieFileCompressor.release.xcconfig"; path = "Pods/Target Support Files/Pods-MovieFileCompressor/Pods-MovieFileCompressor.release.xcconfig"; sourceTree = "<group>"; };
		D57E46361EFC5EB600B59590 /* MainView.swift */ = {isa = PBXFileReference; fileEncoding = 4; lastKnownFileType = sourcecode.swift; path = MainView.swift; sourceTree = "<group>"; };
		D5A159301EFC499000E5BF19 /* MovieFileCompressor.app */ = {isa = PBXFileReference; explicitFileType = wrapper.application; includeInIndex = 0; path = MovieFileCompressor.app; sourceTree = BUILT_PRODUCTS_DIR; };
		D5A159331EFC499000E5BF19 /* AppDelegate.swift */ = {isa = PBXFileReference; lastKnownFileType = sourcecode.swift; path = AppDelegate.swift; sourceTree = "<group>"; };
		D5A159351EFC499000E5BF19 /* ViewController.swift */ = {isa = PBXFileReference; lastKnownFileType = sourcecode.swift; path = ViewController.swift; sourceTree = "<group>"; };
		D5A159381EFC499000E5BF19 /* Base */ = {isa = PBXFileReference; lastKnownFileType = file.storyboard; name = Base; path = Base.lproj/Main.storyboard; sourceTree = "<group>"; };
		D5A1593A1EFC499000E5BF19 /* Assets.xcassets */ = {isa = PBXFileReference; lastKnownFileType = folder.assetcatalog; path = Assets.xcassets; sourceTree = "<group>"; };
		D5A1593D1EFC499000E5BF19 /* Base */ = {isa = PBXFileReference; lastKnownFileType = file.storyboard; name = Base; path = Base.lproj/LaunchScreen.storyboard; sourceTree = "<group>"; };
		D5A1593F1EFC499000E5BF19 /* Info.plist */ = {isa = PBXFileReference; lastKnownFileType = text.plist.xml; path = Info.plist; sourceTree = "<group>"; };
		D5A159451EFC518200E5BF19 /* CameraStatus.swift */ = {isa = PBXFileReference; fileEncoding = 4; lastKnownFileType = sourcecode.swift; path = CameraStatus.swift; sourceTree = "<group>"; };
		D5A159471EFC566B00E5BF19 /* CameraUtil.swift */ = {isa = PBXFileReference; fileEncoding = 4; lastKnownFileType = sourcecode.swift; path = CameraUtil.swift; sourceTree = "<group>"; };
		D5B9B45D1F0E704E002D72EF /* VideoAssetManager.swift */ = {isa = PBXFileReference; fileEncoding = 4; lastKnownFileType = sourcecode.swift; path = VideoAssetManager.swift; sourceTree = "<group>"; };
		D5D5DB641EFD92DB0029E765 /* RecordingButton.swift */ = {isa = PBXFileReference; fileEncoding = 4; lastKnownFileType = sourcecode.swift; path = RecordingButton.swift; sourceTree = "<group>"; };
		EA7E109806FC30B2CCFC061C /* Pods-MovieFileCompressor.debug.xcconfig */ = {isa = PBXFileReference; includeInIndex = 1; lastKnownFileType = text.xcconfig; name = "Pods-MovieFileCompressor.debug.xcconfig"; path = "Pods/Target Support Files/Pods-MovieFileCompressor/Pods-MovieFileCompressor.debug.xcconfig"; sourceTree = "<group>"; };
/* End PBXFileReference section */

/* Begin PBXFrameworksBuildPhase section */
		D5A1592D1EFC499000E5BF19 /* Frameworks */ = {
			isa = PBXFrameworksBuildPhase;
			buildActionMask = 2147483647;
			files = (
				54C5D3F4E3D1117E2BB8CE6B /* Pods_MovieFileCompressor.framework in Frameworks */,
			);
			runOnlyForDeploymentPostprocessing = 0;
		};
/* End PBXFrameworksBuildPhase section */

/* Begin PBXGroup section */
		0A1171AAE436B76C24E45030 /* Pods */ = {
			isa = PBXGroup;
			children = (
				EA7E109806FC30B2CCFC061C /* Pods-MovieFileCompressor.debug.xcconfig */,
				9ADFED0D82DADB5DEE0DFB87 /* Pods-MovieFileCompressor.release.xcconfig */,
			);
			name = Pods;
			sourceTree = "<group>";
		};
		D5A159271EFC499000E5BF19 = {
			isa = PBXGroup;
			children = (
				D5A159321EFC499000E5BF19 /* MovieFileCompressor */,
				D5A159311EFC499000E5BF19 /* Products */,
				0A1171AAE436B76C24E45030 /* Pods */,
				E31BB1396268B90A51194F7A /* Frameworks */,
			);
			sourceTree = "<group>";
		};
		D5A159311EFC499000E5BF19 /* Products */ = {
			isa = PBXGroup;
			children = (
				D5A159301EFC499000E5BF19 /* MovieFileCompressor.app */,
			);
			name = Products;
			sourceTree = "<group>";
		};
		D5A159321EFC499000E5BF19 /* MovieFileCompressor */ = {
			isa = PBXGroup;
			children = (
				D5A159331EFC499000E5BF19 /* AppDelegate.swift */,
				D5A159351EFC499000E5BF19 /* ViewController.swift */,
				D57E46361EFC5EB600B59590 /* MainView.swift */,
				D5A159371EFC499000E5BF19 /* Main.storyboard */,
				D5A1593A1EFC499000E5BF19 /* Assets.xcassets */,
				D5A1593C1EFC499000E5BF19 /* LaunchScreen.storyboard */,
				D5A1593F1EFC499000E5BF19 /* Info.plist */,
				D5A159451EFC518200E5BF19 /* CameraStatus.swift */,
				D5A159471EFC566B00E5BF19 /* CameraUtil.swift */,
				D5B9B45D1F0E704E002D72EF /* VideoAssetManager.swift */,
				D5D5DB641EFD92DB0029E765 /* RecordingButton.swift */,
			);
			path = MovieFileCompressor;
			sourceTree = "<group>";
		};
		E31BB1396268B90A51194F7A /* Frameworks */ = {
			isa = PBXGroup;
			children = (
				73863C6AF2E5C22F028DD635 /* Pods_MovieFileCompressor.framework */,
			);
			name = Frameworks;
			sourceTree = "<group>";
		};
/* End PBXGroup section */

/* Begin PBXNativeTarget section */
		D5A1592F1EFC499000E5BF19 /* MovieFileCompressor */ = {
			isa = PBXNativeTarget;
			buildConfigurationList = D5A159421EFC499000E5BF19 /* Build configuration list for PBXNativeTarget "MovieFileCompressor" */;
			buildPhases = (
				17ACA422CC70679CCEEA089C /* [CP] Check Pods Manifest.lock */,
				D5A1592C1EFC499000E5BF19 /* Sources */,
				D5A1592D1EFC499000E5BF19 /* Frameworks */,
				D5A1592E1EFC499000E5BF19 /* Resources */,
				9A1D6BEF9DD8522F9EAEDE1F /* [CP] Embed Pods Frameworks */,
				34F92988B8B7DC7A2904FFA4 /* [CP] Copy Pods Resources */,
				D5A1F0CA1F0BCDE00068BC8A /* ShellScript */,
			);
			buildRules = (
			);
			dependencies = (
			);
			name = MovieFileCompressor;
			productName = MovieFileCompressor;
			productReference = D5A159301EFC499000E5BF19 /* MovieFileCompressor.app */;
			productType = "com.apple.product-type.application";
		};
/* End PBXNativeTarget section */

/* Begin PBXProject section */
		D5A159281EFC499000E5BF19 /* Project object */ = {
			isa = PBXProject;
			attributes = {
				LastSwiftUpdateCheck = 0820;
				LastUpgradeCheck = 0820;
				ORGANIZATIONNAME = "Felipe Marino";
				TargetAttributes = {
					D5A1592F1EFC499000E5BF19 = {
						CreatedOnToolsVersion = 8.2.1;
						DevelopmentTeam = X9MK4PBNUW;
						ProvisioningStyle = Automatic;
					};
				};
			};
			buildConfigurationList = D5A1592B1EFC499000E5BF19 /* Build configuration list for PBXProject "MovieFileCompressor" */;
			compatibilityVersion = "Xcode 3.2";
			developmentRegion = English;
			hasScannedForEncodings = 0;
			knownRegions = (
				en,
				Base,
			);
			mainGroup = D5A159271EFC499000E5BF19;
			productRefGroup = D5A159311EFC499000E5BF19 /* Products */;
			projectDirPath = "";
			projectRoot = "";
			targets = (
				D5A1592F1EFC499000E5BF19 /* MovieFileCompressor */,
			);
		};
/* End PBXProject section */

/* Begin PBXResourcesBuildPhase section */
		D5A1592E1EFC499000E5BF19 /* Resources */ = {
			isa = PBXResourcesBuildPhase;
			buildActionMask = 2147483647;
			files = (
				D5A1593E1EFC499000E5BF19 /* LaunchScreen.storyboard in Resources */,
				D5A1593B1EFC499000E5BF19 /* Assets.xcassets in Resources */,
				D5A159391EFC499000E5BF19 /* Main.storyboard in Resources */,
			);
			runOnlyForDeploymentPostprocessing = 0;
		};
/* End PBXResourcesBuildPhase section */

/* Begin PBXShellScriptBuildPhase section */
		17ACA422CC70679CCEEA089C /* [CP] Check Pods Manifest.lock */ = {
			isa = PBXShellScriptBuildPhase;
			buildActionMask = 2147483647;
			files = (
			);
			inputPaths = (
			);
			name = "[CP] Check Pods Manifest.lock";
			outputPaths = (
			);
			runOnlyForDeploymentPostprocessing = 0;
			shellPath = /bin/sh;
			shellScript = "diff \"${PODS_ROOT}/../Podfile.lock\" \"${PODS_ROOT}/Manifest.lock\" > /dev/null\nif [ $? != 0 ] ; then\n    # print error to STDERR\n    echo \"error: The sandbox is not in sync with the Podfile.lock. Run 'pod install' or update your CocoaPods installation.\" >&2\n    exit 1\nfi\n";
			showEnvVarsInLog = 0;
		};
		34F92988B8B7DC7A2904FFA4 /* [CP] Copy Pods Resources */ = {
			isa = PBXShellScriptBuildPhase;
			buildActionMask = 2147483647;
			files = (
			);
			inputPaths = (
			);
			name = "[CP] Copy Pods Resources";
			outputPaths = (
			);
			runOnlyForDeploymentPostprocessing = 0;
			shellPath = /bin/sh;
			shellScript = "\"${SRCROOT}/Pods/Target Support Files/Pods-MovieFileCompressor/Pods-MovieFileCompressor-resources.sh\"\n";
			showEnvVarsInLog = 0;
		};
		9A1D6BEF9DD8522F9EAEDE1F /* [CP] Embed Pods Frameworks */ = {
			isa = PBXShellScriptBuildPhase;
			buildActionMask = 2147483647;
			files = (
			);
			inputPaths = (
			);
			name = "[CP] Embed Pods Frameworks";
			outputPaths = (
			);
			runOnlyForDeploymentPostprocessing = 0;
			shellPath = /bin/sh;
			shellScript = "\"${SRCROOT}/Pods/Target Support Files/Pods-MovieFileCompressor/Pods-MovieFileCompressor-frameworks.sh\"\n";
			showEnvVarsInLog = 0;
		};
		D5A1F0CA1F0BCDE00068BC8A /* ShellScript */ = {
			isa = PBXShellScriptBuildPhase;
			buildActionMask = 2147483647;
			files = (
			);
			inputPaths = (
			);
			outputPaths = (
			);
			runOnlyForDeploymentPostprocessing = 0;
			shellPath = /bin/sh;
			shellScript = "\"${PODS_ROOT}/SwiftLint/swiftlint\"";
		};
/* End PBXShellScriptBuildPhase section */

/* Begin PBXSourcesBuildPhase section */
		D5A1592C1EFC499000E5BF19 /* Sources */ = {
			isa = PBXSourcesBuildPhase;
			buildActionMask = 2147483647;
			files = (
				D5A159361EFC499000E5BF19 /* ViewController.swift in Sources */,
				D5A159341EFC499000E5BF19 /* AppDelegate.swift in Sources */,
				D5B9B45E1F0E704E002D72EF /* VideoAssetManager.swift in Sources */,
				D5A159481EFC566B00E5BF19 /* CameraUtil.swift in Sources */,
				D5D5DB651EFD92DB0029E765 /* RecordingButton.swift in Sources */,
				D57E46371EFC5EB600B59590 /* MainView.swift in Sources */,
				D5A159461EFC518200E5BF19 /* CameraStatus.swift in Sources */,
			);
			runOnlyForDeploymentPostprocessing = 0;
		};
/* End PBXSourcesBuildPhase section */

/* Begin PBXVariantGroup section */
		D5A159371EFC499000E5BF19 /* Main.storyboard */ = {
			isa = PBXVariantGroup;
			children = (
				D5A159381EFC499000E5BF19 /* Base */,
			);
			name = Main.storyboard;
			sourceTree = "<group>";
		};
		D5A1593C1EFC499000E5BF19 /* LaunchScreen.storyboard */ = {
			isa = PBXVariantGroup;
			children = (
				D5A1593D1EFC499000E5BF19 /* Base */,
			);
			name = LaunchScreen.storyboard;
			sourceTree = "<group>";
		};
/* End PBXVariantGroup section */

/* Begin XCBuildConfiguration section */
		D5A159401EFC499000E5BF19 /* Debug */ = {
			isa = XCBuildConfiguration;
			buildSettings = {
				ALWAYS_SEARCH_USER_PATHS = NO;
				CLANG_ANALYZER_NONNULL = YES;
				CLANG_CXX_LANGUAGE_STANDARD = "gnu++0x";
				CLANG_CXX_LIBRARY = "libc++";
				CLANG_ENABLE_MODULES = YES;
				CLANG_ENABLE_OBJC_ARC = YES;
				CLANG_WARN_BOOL_CONVERSION = YES;
				CLANG_WARN_CONSTANT_CONVERSION = YES;
				CLANG_WARN_DIRECT_OBJC_ISA_USAGE = YES_ERROR;
				CLANG_WARN_DOCUMENTATION_COMMENTS = YES;
				CLANG_WARN_EMPTY_BODY = YES;
				CLANG_WARN_ENUM_CONVERSION = YES;
				CLANG_WARN_INFINITE_RECURSION = YES;
				CLANG_WARN_INT_CONVERSION = YES;
				CLANG_WARN_OBJC_ROOT_CLASS = YES_ERROR;
				CLANG_WARN_SUSPICIOUS_MOVE = YES;
				CLANG_WARN_UNREACHABLE_CODE = YES;
				CLANG_WARN__DUPLICATE_METHOD_MATCH = YES;
				"CODE_SIGN_IDENTITY[sdk=iphoneos*]" = "iPhone Developer";
				COPY_PHASE_STRIP = NO;
				DEBUG_INFORMATION_FORMAT = dwarf;
				ENABLE_STRICT_OBJC_MSGSEND = YES;
				ENABLE_TESTABILITY = YES;
				GCC_C_LANGUAGE_STANDARD = gnu99;
				GCC_DYNAMIC_NO_PIC = NO;
				GCC_NO_COMMON_BLOCKS = YES;
				GCC_OPTIMIZATION_LEVEL = 0;
				GCC_PREPROCESSOR_DEFINITIONS = (
					"DEBUG=1",
					"$(inherited)",
				);
				GCC_WARN_64_TO_32_BIT_CONVERSION = YES;
				GCC_WARN_ABOUT_RETURN_TYPE = YES_ERROR;
				GCC_WARN_UNDECLARED_SELECTOR = YES;
				GCC_WARN_UNINITIALIZED_AUTOS = YES_AGGRESSIVE;
				GCC_WARN_UNUSED_FUNCTION = YES;
				GCC_WARN_UNUSED_VARIABLE = YES;
				IPHONEOS_DEPLOYMENT_TARGET = 10.2;
				MTL_ENABLE_DEBUG_INFO = YES;
				ONLY_ACTIVE_ARCH = YES;
				SDKROOT = iphoneos;
				SWIFT_ACTIVE_COMPILATION_CONDITIONS = DEBUG;
				SWIFT_OPTIMIZATION_LEVEL = "-Onone";
				TARGETED_DEVICE_FAMILY = "1,2";
			};
			name = Debug;
		};
		D5A159411EFC499000E5BF19 /* Release */ = {
			isa = XCBuildConfiguration;
			buildSettings = {
				ALWAYS_SEARCH_USER_PATHS = NO;
				CLANG_ANALYZER_NONNULL = YES;
				CLANG_CXX_LANGUAGE_STANDARD = "gnu++0x";
				CLANG_CXX_LIBRARY = "libc++";
				CLANG_ENABLE_MODULES = YES;
				CLANG_ENABLE_OBJC_ARC = YES;
				CLANG_WARN_BOOL_CONVERSION = YES;
				CLANG_WARN_CONSTANT_CONVERSION = YES;
				CLANG_WARN_DIRECT_OBJC_ISA_USAGE = YES_ERROR;
				CLANG_WARN_DOCUMENTATION_COMMENTS = YES;
				CLANG_WARN_EMPTY_BODY = YES;
				CLANG_WARN_ENUM_CONVERSION = YES;
				CLANG_WARN_INFINITE_RECURSION = YES;
				CLANG_WARN_INT_CONVERSION = YES;
				CLANG_WARN_OBJC_ROOT_CLASS = YES_ERROR;
				CLANG_WARN_SUSPICIOUS_MOVE = YES;
				CLANG_WARN_UNREACHABLE_CODE = YES;
				CLANG_WARN__DUPLICATE_METHOD_MATCH = YES;
				"CODE_SIGN_IDENTITY[sdk=iphoneos*]" = "iPhone Developer";
				COPY_PHASE_STRIP = NO;
				DEBUG_INFORMATION_FORMAT = "dwarf-with-dsym";
				ENABLE_NS_ASSERTIONS = NO;
				ENABLE_STRICT_OBJC_MSGSEND = YES;
				GCC_C_LANGUAGE_STANDARD = gnu99;
				GCC_NO_COMMON_BLOCKS = YES;
				GCC_WARN_64_TO_32_BIT_CONVERSION = YES;
				GCC_WARN_ABOUT_RETURN_TYPE = YES_ERROR;
				GCC_WARN_UNDECLARED_SELECTOR = YES;
				GCC_WARN_UNINITIALIZED_AUTOS = YES_AGGRESSIVE;
				GCC_WARN_UNUSED_FUNCTION = YES;
				GCC_WARN_UNUSED_VARIABLE = YES;
				IPHONEOS_DEPLOYMENT_TARGET = 10.2;
				MTL_ENABLE_DEBUG_INFO = NO;
				SDKROOT = iphoneos;
				SWIFT_OPTIMIZATION_LEVEL = "-Owholemodule";
				TARGETED_DEVICE_FAMILY = "1,2";
				VALIDATE_PRODUCT = YES;
			};
			name = Release;
		};
		D5A159431EFC499000E5BF19 /* Debug */ = {
			isa = XCBuildConfiguration;
			baseConfigurationReference = EA7E109806FC30B2CCFC061C /* Pods-MovieFileCompressor.debug.xcconfig */;
			buildSettings = {
				ASSETCATALOG_COMPILER_APPICON_NAME = AppIcon;
				"CODE_SIGN_IDENTITY[sdk=iphoneos*]" = "iPhone Developer";
				DEVELOPMENT_TEAM = X9MK4PBNUW;
				INFOPLIST_FILE = MovieFileCompressor/Info.plist;
				IPHONEOS_DEPLOYMENT_TARGET = 8.0;
				LD_RUNPATH_SEARCH_PATHS = "$(inherited) @executable_path/Frameworks";
				PRODUCT_BUNDLE_IDENTIFIER = marinofelipe.com.MovieFileCompressor;
				PRODUCT_NAME = "$(TARGET_NAME)";
				SWIFT_VERSION = 3.0;
			};
			name = Debug;
		};
		D5A159441EFC499000E5BF19 /* Release */ = {
			isa = XCBuildConfiguration;
			baseConfigurationReference = 9ADFED0D82DADB5DEE0DFB87 /* Pods-MovieFileCompressor.release.xcconfig */;
			buildSettings = {
				ASSETCATALOG_COMPILER_APPICON_NAME = AppIcon;
				"CODE_SIGN_IDENTITY[sdk=iphoneos*]" = "iPhone Developer";
				DEVELOPMENT_TEAM = X9MK4PBNUW;
				INFOPLIST_FILE = MovieFileCompressor/Info.plist;
				IPHONEOS_DEPLOYMENT_TARGET = 8.0;
				LD_RUNPATH_SEARCH_PATHS = "$(inherited) @executable_path/Frameworks";
				PRODUCT_BUNDLE_IDENTIFIER = marinofelipe.com.MovieFileCompressor;
				PRODUCT_NAME = "$(TARGET_NAME)";
				SWIFT_VERSION = 3.0;
			};
			name = Release;
		};
/* End XCBuildConfiguration section */

/* Begin XCConfigurationList section */
		D5A1592B1EFC499000E5BF19 /* Build configuration list for PBXProject "MovieFileCompressor" */ = {
			isa = XCConfigurationList;
			buildConfigurations = (
				D5A159401EFC499000E5BF19 /* Debug */,
				D5A159411EFC499000E5BF19 /* Release */,
			);
			defaultConfigurationIsVisible = 0;
			defaultConfigurationName = Release;
		};
		D5A159421EFC499000E5BF19 /* Build configuration list for PBXNativeTarget "MovieFileCompressor" */ = {
			isa = XCConfigurationList;
			buildConfigurations = (
				D5A159431EFC499000E5BF19 /* Debug */,
				D5A159441EFC499000E5BF19 /* Release */,
			);
			defaultConfigurationIsVisible = 0;
			defaultConfigurationName = Release;
		};
/* End XCConfigurationList section */
	};
	rootObject = D5A159281EFC499000E5BF19 /* Project object */;
}
